
Microsoft Visual Studio Solution File, Format Version 12.00
# Visual Studio 15
VisualStudioVersion = 15.0.28010.2046
MinimumVisualStudioVersion = 10.0.40219.1
Project("{FAE04EC0-301F-11D3-BF4B-00C04F79EFBC}") = "MHMBEncoder", "MHMBEncoder\MHMBEncoder.csproj", "{48C6D869-6328-44E2-B3FE-CA8E6FEF4861}"
EndProject
Project("{FAE04EC0-301F-11D3-BF4B-00C04F79EFBC}") = "MHMBDecoder", "MHMBDecoder\MHMBDecoder.csproj", "{8D1F40BB-EF8B-4878-93B8-73C60A926257}"
EndProject
Global
	GlobalSection(SolutionConfigurationPlatforms) = preSolution
		Debug|Any CPU = Debug|Any CPU
		Release|Any CPU = Release|Any CPU
	EndGlobalSection
	GlobalSection(ProjectConfigurationPlatforms) = postSolution
		{48C6D869-6328-44E2-B3FE-CA8E6FEF4861}.Debug|Any CPU.ActiveCfg = Debug|Any CPU
		{48C6D869-6328-44E2-B3FE-CA8E6FEF4861}.Debug|Any CPU.Build.0 = Debug|Any CPU
		{48C6D869-6328-44E2-B3FE-CA8E6FEF4861}.Release|Any CPU.ActiveCfg = Release|Any CPU
		{48C6D869-6328-44E2-B3FE-CA8E6FEF4861}.Release|Any CPU.Build.0 = Release|Any CPU
		{8D1F40BB-EF8B-4878-93B8-73C60A926257}.Debug|Any CPU.ActiveCfg = Debug|Any CPU
		{8D1F40BB-EF8B-4878-93B8-73C60A926257}.Debug|Any CPU.Build.0 = Debug|Any CPU
		{8D1F40BB-EF8B-4878-93B8-73C60A926257}.Release|Any CPU.ActiveCfg = Release|Any CPU
		{8D1F40BB-EF8B-4878-93B8-73C60A926257}.Release|Any CPU.Build.0 = Release|Any CPU
	EndGlobalSection
	GlobalSection(SolutionProperties) = preSolution
		HideSolutionNode = FALSE
	EndGlobalSection
	GlobalSection(ExtensibilityGlobals) = postSolution
		SolutionGuid = {DC72C4BC-E854-448F-9DD0-4E77DCEA4CD3}
	EndGlobalSection
EndGlobal
